<?xml version="1.0" encoding="UTF-8" standalone="yes" ?>
<CodeBlocks_project_file>
	<FileVersion major="1" minor="6" />
	<Project>
		<Option title="JetSAS" />
		<Option pch_mode="2" />
		<Option compiler="gcc" />
		<Build>
			<Target title="Debug">
				<Option output="bin/Debug/JetSAS" prefix_auto="1" extension_auto="1" />
				<Option object_output="obj/Debug/" />
				<Option type="1" />
				<Option compiler="gcc" />
				<Compiler>
					<Add option="-g" />
				</Compiler>
				<Linker>
					<Add option="`pkg-config opencv --libs`" />
				</Linker>
			</Target>
			<Target title="Release">
				<Option output="bin/Release/JetSAS" prefix_auto="1" extension_auto="1" />
				<Option object_output="obj/Release/" />
				<Option type="0" />
				<Option compiler="gcc" />
				<Compiler>
					<Add option="-O2" />
					<Add option="-s" />
				</Compiler>
			</Target>
		</Build>
		<Compiler>
			<Add option="`opencv-config --cxxflags`" />
		</Compiler>
		<Linker>
			<Add option="`opencv-config --ldstaticflags`" />
			<Add option="-lpthread" />
			<Add option="`urg_c-config  --libs`" />
		</Linker>
		<Unit filename="SimpleGPIO.cpp" />
		<Unit filename="aquestalk.cpp" />
		<Unit filename="exec_cmd.cpp" />
		<Unit filename="gpio.cpp" />
		<Unit filename="i2c1_sensor.cpp" />
		<Unit filename="jetduino_spi.cpp" />
		<Unit filename="julius_helper.cpp" />
		<Unit filename="lcd.cpp" />
		<Unit filename="main.cpp" />
		<Unit filename="open_urg_sensor.cpp" />
		<Unit filename="serial.cpp" />
		<Unit filename="timer.cpp" />
		<Extensions>
			<code_completion />
			<envvars />
			<debugger />
		</Extensions>
	</Project>
</CodeBlocks_project_file>
